
Microsoft Visual Studio Solution File, Format Version 12.00
# Visual Studio Version 17
VisualStudioVersion = 17.0.31903.59
MinimumVisualStudioVersion = 10.0.40219.1
Project("{FAE04EC0-301F-11D3-BF4B-00C04F79EFBC}") = "ColumnEncryptor", "src\ColumnEncryptor\ColumnEncryptor.csproj", "{0A141991-8FBB-4531-9E9A-BFB6984E2335}"
EndProject
Project("{FAE04EC0-301F-11D3-BF4B-00C04F79EFBC}") = "ColumnEncryptor.Tests", "tests\ColumnEncryptor.Tests\ColumnEncryptor.Tests.csproj", "{05953D26-DD0D-47EE-82D9-38F6CE58D471}"
EndProject
Global
	GlobalSection(SolutionConfigurationPlatforms) = preSolution
		Debug|Any CPU = Debug|Any CPU
		Release|Any CPU = Release|Any CPU
	EndGlobalSection
	GlobalSection(SolutionProperties) = preSolution
		HideSolutionNode = FALSE
	EndGlobalSection
	GlobalSection(ProjectConfigurationPlatforms) = postSolution
		{0A141991-8FBB-4531-9E9A-BFB6984E2335}.Debug|Any CPU.ActiveCfg = Debug|Any CPU
		{0A141991-8FBB-4531-9E9A-BFB6984E2335}.Debug|Any CPU.Build.0 = Debug|Any CPU
		{0A141991-8FBB-4531-9E9A-BFB6984E2335}.Release|Any CPU.ActiveCfg = Release|Any CPU
		{0A141991-8FBB-4531-9E9A-BFB6984E2335}.Release|Any CPU.Build.0 = Release|Any CPU
		{05953D26-DD0D-47EE-82D9-38F6CE58D471}.Debug|Any CPU.ActiveCfg = Debug|Any CPU
		{05953D26-DD0D-47EE-82D9-38F6CE58D471}.Debug|Any CPU.Build.0 = Debug|Any CPU
		{05953D26-DD0D-47EE-82D9-38F6CE58D471}.Release|Any CPU.ActiveCfg = Release|Any CPU
		{05953D26-DD0D-47EE-82D9-38F6CE58D471}.Release|Any CPU.Build.0 = Release|Any CPU
	EndGlobalSection
EndGlobal
